{
  "pins" : [
    {
      "identity" : "alamofire",
      "kind" : "remoteSourceControl",
      "location" : "https://github.com/Alamofire/Alamofire.git",
      "state" : {
        "revision" : "f82c23a8a7ef8dc1a49a8bfc6a96883e79121864",
        "version" : "5.5.0"
      }
    },
    {
      "identity" : "promisekit",
      "kind" : "remoteSourceControl",
      "location" : "https://github.com/mxcl/PromiseKit",
      "state" : {
        "revision" : "3fd8c77ded8a4bbee548e3bd6c987ffe8c1e3574",
        "version" : "6.17.0"
      }
    },
    {
      "identity" : "rxswift",
      "kind" : "remoteSourceControl",
      "location" : "https://github.com/ReactiveX/RxSwift.git",
      "state" : {
        "revision" : "b4307ba0b6425c0ba4178e138799946c3da594f8",
        "version" : "6.5.0"
      }
    },
    {
      "identity" : "starscream",
      "kind" : "remoteSourceControl",
      "location" : "https://github.com/daltoniam/Starscream.git",
      "state" : {
        "revision" : "df8d82047f6654d8e4b655d1b1525c64e1059d21",
        "version" : "4.0.4"
      }
    },
    {
      "identity" : "teslaswift",
      "kind" : "remoteSourceControl",
      "location" : "https://github.com/jonasman/TeslaSwift.git",
      "state" : {
        "revision" : "df79c36425ce8cdb4611cb47f6ad336dbcbe0b61",
        "version" : "7.3.0"
      }
    }
  ],
  "version" : 2
}
